
Microsoft Visual Studio Solution File, Format Version 12.00
# Visual Studio 15
VisualStudioVersion = 15.0.28307.489
MinimumVisualStudioVersion = 10.0.40219.1
Project("{FAE04EC0-301F-11D3-BF4B-00C04F79EFBC}") = "DataEntityFrameWork", "DataEntityFrameWork\DataEntityFrameWork.csproj", "{2D7B2820-E854-454C-9758-50426CCC354F}"
EndProject
Project("{FAE04EC0-301F-11D3-BF4B-00C04F79EFBC}") = "Mobile.Android", "Mobile\Mobile.Android\Mobile.Android.csproj", "{24CE3C36-16B9-426D-AA0C-5961ECF8D88C}"
EndProject
Project("{FAE04EC0-301F-11D3-BF4B-00C04F79EFBC}") = "Mobile.iOS", "Mobile\Mobile.iOS\Mobile.iOS.csproj", "{F12E22DD-DE73-4A8B-9469-8BA3034E7863}"
EndProject
Project("{9A19103F-16F7-4668-BE54-9A1E7A4F7556}") = "Mobile", "Mobile\Mobile\Mobile.csproj", "{1C5571E6-66C1-4733-B783-55EEAC371C67}"
EndProject
Project("{9A19103F-16F7-4668-BE54-9A1E7A4F7556}") = "DataEntityFrameworkMobile", "DataEntityFrameworkMobile\DataEntityFrameworkMobile.csproj", "{D6131DF2-8BDD-4A35-A9B0-5063340D58D3}"
EndProject
Project("{FAE04EC0-301F-11D3-BF4B-00C04F79EFBC}") = "Desktop", "Desktop\Desktop.csproj", "{CA08435B-FB94-4686-9F8A-D94AEE92BDEB}"
EndProject
Global
	GlobalSection(SolutionConfigurationPlatforms) = preSolution
		Ad-Hoc|Any CPU = Ad-Hoc|Any CPU
		Ad-Hoc|iPhone = Ad-Hoc|iPhone
		Ad-Hoc|iPhoneSimulator = Ad-Hoc|iPhoneSimulator
		AppStore|Any CPU = AppStore|Any CPU
		AppStore|iPhone = AppStore|iPhone
		AppStore|iPhoneSimulator = AppStore|iPhoneSimulator
		Debug|Any CPU = Debug|Any CPU
		Debug|iPhone = Debug|iPhone
		Debug|iPhoneSimulator = Debug|iPhoneSimulator
		Release|Any CPU = Release|Any CPU
		Release|iPhone = Release|iPhone
		Release|iPhoneSimulator = Release|iPhoneSimulator
	EndGlobalSection
	GlobalSection(ProjectConfigurationPlatforms) = postSolution
		{2D7B2820-E854-454C-9758-50426CCC354F}.Ad-Hoc|Any CPU.ActiveCfg = Release|Any CPU
		{2D7B2820-E854-454C-9758-50426CCC354F}.Ad-Hoc|Any CPU.Build.0 = Release|Any CPU
		{2D7B2820-E854-454C-9758-50426CCC354F}.Ad-Hoc|iPhone.ActiveCfg = Release|Any CPU
		{2D7B2820-E854-454C-9758-50426CCC354F}.Ad-Hoc|iPhone.Build.0 = Release|Any CPU
		{2D7B2820-E854-454C-9758-50426CCC354F}.Ad-Hoc|iPhoneSimulator.ActiveCfg = Release|Any CPU
		{2D7B2820-E854-454C-9758-50426CCC354F}.Ad-Hoc|iPhoneSimulator.Build.0 = Release|Any CPU
		{2D7B2820-E854-454C-9758-50426CCC354F}.AppStore|Any CPU.ActiveCfg = Release|Any CPU
		{2D7B2820-E854-454C-9758-50426CCC354F}.AppStore|Any CPU.Build.0 = Release|Any CPU
		{2D7B2820-E854-454C-9758-50426CCC354F}.AppStore|iPhone.ActiveCfg = Release|Any CPU
		{2D7B2820-E854-454C-9758-50426CCC354F}.AppStore|iPhone.Build.0 = Release|Any CPU
		{2D7B2820-E854-454C-9758-50426CCC354F}.AppStore|iPhoneSimulator.ActiveCfg = Release|Any CPU
		{2D7B2820-E854-454C-9758-50426CCC354F}.AppStore|iPhoneSimulator.Build.0 = Release|Any CPU
		{2D7B2820-E854-454C-9758-50426CCC354F}.Debug|Any CPU.ActiveCfg = Debug|Any CPU
		{2D7B2820-E854-454C-9758-50426CCC354F}.Debug|Any CPU.Build.0 = Debug|Any CPU
		{2D7B2820-E854-454C-9758-50426CCC354F}.Debug|iPhone.ActiveCfg = Debug|Any CPU
		{2D7B2820-E854-454C-9758-50426CCC354F}.Debug|iPhone.Build.0 = Debug|Any CPU
		{2D7B2820-E854-454C-9758-50426CCC354F}.Debug|iPhoneSimulator.ActiveCfg = Debug|Any CPU
		{2D7B2820-E854-454C-9758-50426CCC354F}.Debug|iPhoneSimulator.Build.0 = Debug|Any CPU
		{2D7B2820-E854-454C-9758-50426CCC354F}.Release|Any CPU.ActiveCfg = Release|Any CPU
		{2D7B2820-E854-454C-9758-50426CCC354F}.Release|Any CPU.Build.0 = Release|Any CPU
		{2D7B2820-E854-454C-9758-50426CCC354F}.Release|iPhone.ActiveCfg = Release|Any CPU
		{2D7B2820-E854-454C-9758-50426CCC354F}.Release|iPhone.Build.0 = Release|Any CPU
		{2D7B2820-E854-454C-9758-50426CCC354F}.Release|iPhoneSimulator.ActiveCfg = Release|Any CPU
		{2D7B2820-E854-454C-9758-50426CCC354F}.Release|iPhoneSimulator.Build.0 = Release|Any CPU
		{24CE3C36-16B9-426D-AA0C-5961ECF8D88C}.Ad-Hoc|Any CPU.ActiveCfg = Release|Any CPU
		{24CE3C36-16B9-426D-AA0C-5961ECF8D88C}.Ad-Hoc|Any CPU.Build.0 = Release|Any CPU
		{24CE3C36-16B9-426D-AA0C-5961ECF8D88C}.Ad-Hoc|Any CPU.Deploy.0 = Release|Any CPU
		{24CE3C36-16B9-426D-AA0C-5961ECF8D88C}.Ad-Hoc|iPhone.ActiveCfg = Release|Any CPU
		{24CE3C36-16B9-426D-AA0C-5961ECF8D88C}.Ad-Hoc|iPhone.Build.0 = Release|Any CPU
		{24CE3C36-16B9-426D-AA0C-5961ECF8D88C}.Ad-Hoc|iPhone.Deploy.0 = Release|Any CPU
		{24CE3C36-16B9-426D-AA0C-5961ECF8D88C}.Ad-Hoc|iPhoneSimulator.ActiveCfg = Release|Any CPU
		{24CE3C36-16B9-426D-AA0C-5961ECF8D88C}.Ad-Hoc|iPhoneSimulator.Build.0 = Release|Any CPU
		{24CE3C36-16B9-426D-AA0C-5961ECF8D88C}.Ad-Hoc|iPhoneSimulator.Deploy.0 = Release|Any CPU
		{24CE3C36-16B9-426D-AA0C-5961ECF8D88C}.AppStore|Any CPU.ActiveCfg = Release|Any CPU
		{24CE3C36-16B9-426D-AA0C-5961ECF8D88C}.AppStore|Any CPU.Build.0 = Release|Any CPU
		{24CE3C36-16B9-426D-AA0C-5961ECF8D88C}.AppStore|Any CPU.Deploy.0 = Release|Any CPU
		{24CE3C36-16B9-426D-AA0C-5961ECF8D88C}.AppStore|iPhone.ActiveCfg = Release|Any CPU
		{24CE3C36-16B9-426D-AA0C-5961ECF8D88C}.AppStore|iPhone.Build.0 = Release|Any CPU
		{24CE3C36-16B9-426D-AA0C-5961ECF8D88C}.AppStore|iPhone.Deploy.0 = Release|Any CPU
		{24CE3C36-16B9-426D-AA0C-5961ECF8D88C}.AppStore|iPhoneSimulator.ActiveCfg = Release|Any CPU
		{24CE3C36-16B9-426D-AA0C-5961ECF8D88C}.AppStore|iPhoneSimulator.Build.0 = Release|Any CPU
		{24CE3C36-16B9-426D-AA0C-5961ECF8D88C}.AppStore|iPhoneSimulator.Deploy.0 = Release|Any CPU
		{24CE3C36-16B9-426D-AA0C-5961ECF8D88C}.Debug|Any CPU.ActiveCfg = Debug|Any CPU
		{24CE3C36-16B9-426D-AA0C-5961ECF8D88C}.Debug|Any CPU.Build.0 = Debug|Any CPU
		{24CE3C36-16B9-426D-AA0C-5961ECF8D88C}.Debug|Any CPU.Deploy.0 = Debug|Any CPU
		{24CE3C36-16B9-426D-AA0C-5961ECF8D88C}.Debug|iPhone.ActiveCfg = Debug|Any CPU
		{24CE3C36-16B9-426D-AA0C-5961ECF8D88C}.Debug|iPhone.Build.0 = Debug|Any CPU
		{24CE3C36-16B9-426D-AA0C-5961ECF8D88C}.Debug|iPhone.Deploy.0 = Debug|Any CPU
		{24CE3C36-16B9-426D-AA0C-5961ECF8D88C}.Debug|iPhoneSimulator.ActiveCfg = Debug|Any CPU
		{24CE3C36-16B9-426D-AA0C-5961ECF8D88C}.Debug|iPhoneSimulator.Build.0 = Debug|Any CPU
		{24CE3C36-16B9-426D-AA0C-5961ECF8D88C}.Debug|iPhoneSimulator.Deploy.0 = Debug|Any CPU
		{24CE3C36-16B9-426D-AA0C-5961ECF8D88C}.Release|Any CPU.ActiveCfg = Release|Any CPU
		{24CE3C36-16B9-426D-AA0C-5961ECF8D88C}.Release|Any CPU.Build.0 = Release|Any CPU
		{24CE3C36-16B9-426D-AA0C-5961ECF8D88C}.Release|Any CPU.Deploy.0 = Release|Any CPU
		{24CE3C36-16B9-426D-AA0C-5961ECF8D88C}.Release|iPhone.ActiveCfg = Release|Any CPU
		{24CE3C36-16B9-426D-AA0C-5961ECF8D88C}.Release|iPhone.Build.0 = Release|Any CPU
		{24CE3C36-16B9-426D-AA0C-5961ECF8D88C}.Release|iPhone.Deploy.0 = Release|Any CPU
		{24CE3C36-16B9-426D-AA0C-5961ECF8D88C}.Release|iPhoneSimulator.ActiveCfg = Release|Any CPU
		{24CE3C36-16B9-426D-AA0C-5961ECF8D88C}.Release|iPhoneSimulator.Build.0 = Release|Any CPU
		{24CE3C36-16B9-426D-AA0C-5961ECF8D88C}.Release|iPhoneSimulator.Deploy.0 = Release|Any CPU
		{F12E22DD-DE73-4A8B-9469-8BA3034E7863}.Ad-Hoc|Any CPU.ActiveCfg = Release|iPhone
		{F12E22DD-DE73-4A8B-9469-8BA3034E7863}.Ad-Hoc|Any CPU.Build.0 = Release|iPhone
		{F12E22DD-DE73-4A8B-9469-8BA3034E7863}.Ad-Hoc|iPhone.ActiveCfg = Release|iPhone
		{F12E22DD-DE73-4A8B-9469-8BA3034E7863}.Ad-Hoc|iPhone.Build.0 = Release|iPhone
		{F12E22DD-DE73-4A8B-9469-8BA3034E7863}.Ad-Hoc|iPhoneSimulator.ActiveCfg = Release|iPhoneSimulator
		{F12E22DD-DE73-4A8B-9469-8BA3034E7863}.Ad-Hoc|iPhoneSimulator.Build.0 = Release|iPhoneSimulator
		{F12E22DD-DE73-4A8B-9469-8BA3034E7863}.AppStore|Any CPU.ActiveCfg = Release|iPhone
		{F12E22DD-DE73-4A8B-9469-8BA3034E7863}.AppStore|Any CPU.Build.0 = Release|iPhone
		{F12E22DD-DE73-4A8B-9469-8BA3034E7863}.AppStore|iPhone.ActiveCfg = Release|iPhone
		{F12E22DD-DE73-4A8B-9469-8BA3034E7863}.AppStore|iPhone.Build.0 = Release|iPhone
		{F12E22DD-DE73-4A8B-9469-8BA3034E7863}.AppStore|iPhoneSimulator.ActiveCfg = Release|iPhoneSimulator
		{F12E22DD-DE73-4A8B-9469-8BA3034E7863}.AppStore|iPhoneSimulator.Build.0 = Release|iPhoneSimulator
		{F12E22DD-DE73-4A8B-9469-8BA3034E7863}.Debug|Any CPU.ActiveCfg = Debug|iPhone
		{F12E22DD-DE73-4A8B-9469-8BA3034E7863}.Debug|iPhone.ActiveCfg = Debug|iPhone
		{F12E22DD-DE73-4A8B-9469-8BA3034E7863}.Debug|iPhone.Build.0 = Debug|iPhone
		{F12E22DD-DE73-4A8B-9469-8BA3034E7863}.Debug|iPhoneSimulator.ActiveCfg = Debug|iPhoneSimulator
		{F12E22DD-DE73-4A8B-9469-8BA3034E7863}.Debug|iPhoneSimulator.Build.0 = Debug|iPhoneSimulator
		{F12E22DD-DE73-4A8B-9469-8BA3034E7863}.Release|Any CPU.ActiveCfg = Release|iPhone
		{F12E22DD-DE73-4A8B-9469-8BA3034E7863}.Release|iPhone.ActiveCfg = Release|iPhone
		{F12E22DD-DE73-4A8B-9469-8BA3034E7863}.Release|iPhone.Build.0 = Release|iPhone
		{F12E22DD-DE73-4A8B-9469-8BA3034E7863}.Release|iPhoneSimulator.ActiveCfg = Release|iPhoneSimulator
		{F12E22DD-DE73-4A8B-9469-8BA3034E7863}.Release|iPhoneSimulator.Build.0 = Release|iPhoneSimulator
		{1C5571E6-66C1-4733-B783-55EEAC371C67}.Ad-Hoc|Any CPU.ActiveCfg = Debug|Any CPU
		{1C5571E6-66C1-4733-B783-55EEAC371C67}.Ad-Hoc|Any CPU.Build.0 = Debug|Any CPU
		{1C5571E6-66C1-4733-B783-55EEAC371C67}.Ad-Hoc|iPhone.ActiveCfg = Debug|Any CPU
		{1C5571E6-66C1-4733-B783-55EEAC371C67}.Ad-Hoc|iPhone.Build.0 = Debug|Any CPU
		{1C5571E6-66C1-4733-B783-55EEAC371C67}.Ad-Hoc|iPhoneSimulator.ActiveCfg = Debug|Any CPU
		{1C5571E6-66C1-4733-B783-55EEAC371C67}.Ad-Hoc|iPhoneSimulator.Build.0 = Debug|Any CPU
		{1C5571E6-66C1-4733-B783-55EEAC371C67}.AppStore|Any CPU.ActiveCfg = Debug|Any CPU
		{1C5571E6-66C1-4733-B783-55EEAC371C67}.AppStore|Any CPU.Build.0 = Debug|Any CPU
		{1C5571E6-66C1-4733-B783-55EEAC371C67}.AppStore|iPhone.ActiveCfg = Debug|Any CPU
		{1C5571E6-66C1-4733-B783-55EEAC371C67}.AppStore|iPhone.Build.0 = Debug|Any CPU
		{1C5571E6-66C1-4733-B783-55EEAC371C67}.AppStore|iPhoneSimulator.ActiveCfg = Debug|Any CPU
		{1C5571E6-66C1-4733-B783-55EEAC371C67}.AppStore|iPhoneSimulator.Build.0 = Debug|Any CPU
		{1C5571E6-66C1-4733-B783-55EEAC371C67}.Debug|Any CPU.ActiveCfg = Debug|Any CPU
		{1C5571E6-66C1-4733-B783-55EEAC371C67}.Debug|Any CPU.Build.0 = Debug|Any CPU
		{1C5571E6-66C1-4733-B783-55EEAC371C67}.Debug|iPhone.ActiveCfg = Debug|Any CPU
		{1C5571E6-66C1-4733-B783-55EEAC371C67}.Debug|iPhone.Build.0 = Debug|Any CPU
		{1C5571E6-66C1-4733-B783-55EEAC371C67}.Debug|iPhoneSimulator.ActiveCfg = Debug|Any CPU
		{1C5571E6-66C1-4733-B783-55EEAC371C67}.Debug|iPhoneSimulator.Build.0 = Debug|Any CPU
		{1C5571E6-66C1-4733-B783-55EEAC371C67}.Release|Any CPU.ActiveCfg = Release|Any CPU
		{1C5571E6-66C1-4733-B783-55EEAC371C67}.Release|Any CPU.Build.0 = Release|Any CPU
		{1C5571E6-66C1-4733-B783-55EEAC371C67}.Release|iPhone.ActiveCfg = Release|Any CPU
		{1C5571E6-66C1-4733-B783-55EEAC371C67}.Release|iPhone.Build.0 = Release|Any CPU
		{1C5571E6-66C1-4733-B783-55EEAC371C67}.Release|iPhoneSimulator.ActiveCfg = Release|Any CPU
		{1C5571E6-66C1-4733-B783-55EEAC371C67}.Release|iPhoneSimulator.Build.0 = Release|Any CPU
		{D6131DF2-8BDD-4A35-A9B0-5063340D58D3}.Ad-Hoc|Any CPU.ActiveCfg = Debug|Any CPU
		{D6131DF2-8BDD-4A35-A9B0-5063340D58D3}.Ad-Hoc|Any CPU.Build.0 = Debug|Any CPU
		{D6131DF2-8BDD-4A35-A9B0-5063340D58D3}.Ad-Hoc|iPhone.ActiveCfg = Debug|Any CPU
		{D6131DF2-8BDD-4A35-A9B0-5063340D58D3}.Ad-Hoc|iPhone.Build.0 = Debug|Any CPU
		{D6131DF2-8BDD-4A35-A9B0-5063340D58D3}.Ad-Hoc|iPhoneSimulator.ActiveCfg = Debug|Any CPU
		{D6131DF2-8BDD-4A35-A9B0-5063340D58D3}.Ad-Hoc|iPhoneSimulator.Build.0 = Debug|Any CPU
		{D6131DF2-8BDD-4A35-A9B0-5063340D58D3}.AppStore|Any CPU.ActiveCfg = Debug|Any CPU
		{D6131DF2-8BDD-4A35-A9B0-5063340D58D3}.AppStore|Any CPU.Build.0 = Debug|Any CPU
		{D6131DF2-8BDD-4A35-A9B0-5063340D58D3}.AppStore|iPhone.ActiveCfg = Debug|Any CPU
		{D6131DF2-8BDD-4A35-A9B0-5063340D58D3}.AppStore|iPhone.Build.0 = Debug|Any CPU
		{D6131DF2-8BDD-4A35-A9B0-5063340D58D3}.AppStore|iPhoneSimulator.ActiveCfg = Debug|Any CPU
		{D6131DF2-8BDD-4A35-A9B0-5063340D58D3}.AppStore|iPhoneSimulator.Build.0 = Debug|Any CPU
		{D6131DF2-8BDD-4A35-A9B0-5063340D58D3}.Debug|Any CPU.ActiveCfg = Debug|Any CPU
		{D6131DF2-8BDD-4A35-A9B0-5063340D58D3}.Debug|Any CPU.Build.0 = Debug|Any CPU
		{D6131DF2-8BDD-4A35-A9B0-5063340D58D3}.Debug|iPhone.ActiveCfg = Debug|Any CPU
		{D6131DF2-8BDD-4A35-A9B0-5063340D58D3}.Debug|iPhone.Build.0 = Debug|Any CPU
		{D6131DF2-8BDD-4A35-A9B0-5063340D58D3}.Debug|iPhoneSimulator.ActiveCfg = Debug|Any CPU
		{D6131DF2-8BDD-4A35-A9B0-5063340D58D3}.Debug|iPhoneSimulator.Build.0 = Debug|Any CPU
		{D6131DF2-8BDD-4A35-A9B0-5063340D58D3}.Release|Any CPU.ActiveCfg = Release|Any CPU
		{D6131DF2-8BDD-4A35-A9B0-5063340D58D3}.Release|Any CPU.Build.0 = Release|Any CPU
		{D6131DF2-8BDD-4A35-A9B0-5063340D58D3}.Release|iPhone.ActiveCfg = Release|Any CPU
		{D6131DF2-8BDD-4A35-A9B0-5063340D58D3}.Release|iPhone.Build.0 = Release|Any CPU
		{D6131DF2-8BDD-4A35-A9B0-5063340D58D3}.Release|iPhoneSimulator.ActiveCfg = Release|Any CPU
		{D6131DF2-8BDD-4A35-A9B0-5063340D58D3}.Release|iPhoneSimulator.Build.0 = Release|Any CPU
		{CA08435B-FB94-4686-9F8A-D94AEE92BDEB}.Ad-Hoc|Any CPU.ActiveCfg = Release|Any CPU
		{CA08435B-FB94-4686-9F8A-D94AEE92BDEB}.Ad-Hoc|Any CPU.Build.0 = Release|Any CPU
		{CA08435B-FB94-4686-9F8A-D94AEE92BDEB}.Ad-Hoc|iPhone.ActiveCfg = Release|Any CPU
		{CA08435B-FB94-4686-9F8A-D94AEE92BDEB}.Ad-Hoc|iPhone.Build.0 = Release|Any CPU
		{CA08435B-FB94-4686-9F8A-D94AEE92BDEB}.Ad-Hoc|iPhoneSimulator.ActiveCfg = Release|Any CPU
		{CA08435B-FB94-4686-9F8A-D94AEE92BDEB}.Ad-Hoc|iPhoneSimulator.Build.0 = Release|Any CPU
		{CA08435B-FB94-4686-9F8A-D94AEE92BDEB}.AppStore|Any CPU.ActiveCfg = Release|Any CPU
		{CA08435B-FB94-4686-9F8A-D94AEE92BDEB}.AppStore|Any CPU.Build.0 = Release|Any CPU
		{CA08435B-FB94-4686-9F8A-D94AEE92BDEB}.AppStore|iPhone.ActiveCfg = Release|Any CPU
		{CA08435B-FB94-4686-9F8A-D94AEE92BDEB}.AppStore|iPhone.Build.0 = Release|Any CPU
		{CA08435B-FB94-4686-9F8A-D94AEE92BDEB}.AppStore|iPhoneSimulator.ActiveCfg = Release|Any CPU
		{CA08435B-FB94-4686-9F8A-D94AEE92BDEB}.AppStore|iPhoneSimulator.Build.0 = Release|Any CPU
		{CA08435B-FB94-4686-9F8A-D94AEE92BDEB}.Debug|Any CPU.ActiveCfg = Debug|Any CPU
		{CA08435B-FB94-4686-9F8A-D94AEE92BDEB}.Debug|Any CPU.Build.0 = Debug|Any CPU
		{CA08435B-FB94-4686-9F8A-D94AEE92BDEB}.Debug|iPhone.ActiveCfg = Debug|Any CPU
		{CA08435B-FB94-4686-9F8A-D94AEE92BDEB}.Debug|iPhone.Build.0 = Debug|Any CPU
		{CA08435B-FB94-4686-9F8A-D94AEE92BDEB}.Debug|iPhoneSimulator.ActiveCfg = Debug|Any CPU
		{CA08435B-FB94-4686-9F8A-D94AEE92BDEB}.Debug|iPhoneSimulator.Build.0 = Debug|Any CPU
		{CA08435B-FB94-4686-9F8A-D94AEE92BDEB}.Release|Any CPU.ActiveCfg = Release|Any CPU
		{CA08435B-FB94-4686-9F8A-D94AEE92BDEB}.Release|Any CPU.Build.0 = Release|Any CPU
		{CA08435B-FB94-4686-9F8A-D94AEE92BDEB}.Release|iPhone.ActiveCfg = Release|Any CPU
		{CA08435B-FB94-4686-9F8A-D94AEE92BDEB}.Release|iPhone.Build.0 = Release|Any CPU
		{CA08435B-FB94-4686-9F8A-D94AEE92BDEB}.Release|iPhoneSimulator.ActiveCfg = Release|Any CPU
		{CA08435B-FB94-4686-9F8A-D94AEE92BDEB}.Release|iPhoneSimulator.Build.0 = Release|Any CPU
	EndGlobalSection
	GlobalSection(SolutionProperties) = preSolution
		HideSolutionNode = FALSE
	EndGlobalSection
	GlobalSection(ExtensibilityGlobals) = postSolution
		SolutionGuid = {B9BE7E72-8909-4FE9-9E90-28CB8D61E2A8}
	EndGlobalSection
EndGlobal
